Microsoft Visual Studio Solution File, Format Version 8.00
Project("{8BC9CEB8-8B4A-11D0-8D11-00A0C91BC942}") = "installer", "installer.vcproj", "{BAB7BDE1-6B83-4927-BD8F-E5D9DB74DD2B}"
	ProjectSection(ProjectDependencies) = postProject
	EndProjectSection
EndProject
Project("{8BC9CEB8-8B4A-11D0-8D11-00A0C91BC942}") = "rctgl", "rctgl.vcproj", "{4A48B294-F7C0-4F0A-B0B7-82E550835D9B}"
	ProjectSection(ProjectDependencies) = postProject
	EndProjectSection
EndProject
Global
	GlobalSection(SolutionConfiguration) = preSolution
		Debug = Debug
		Release = Release
	EndGlobalSection
	GlobalSection(ProjectConfiguration) = postSolution
		{BAB7BDE1-6B83-4927-BD8F-E5D9DB74DD2B}.Debug.ActiveCfg = Debug|Win32
		{BAB7BDE1-6B83-4927-BD8F-E5D9DB74DD2B}.Debug.Build.0 = Debug|Win32
		{BAB7BDE1-6B83-4927-BD8F-E5D9DB74DD2B}.Release.ActiveCfg = Release|Win32
		{BAB7BDE1-6B83-4927-BD8F-E5D9DB74DD2B}.Release.Build.0 = Release|Win32
		{4A48B294-F7C0-4F0A-B0B7-82E550835D9B}.Debug.ActiveCfg = Debug|Win32
		{4A48B294-F7C0-4F0A-B0B7-82E550835D9B}.Debug.Build.0 = Debug|Win32
		{4A48B294-F7C0-4F0A-B0B7-82E550835D9B}.Release.ActiveCfg = Release|Win32
		{4A48B294-F7C0-4F0A-B0B7-82E550835D9B}.Release.Build.0 = Release|Win32
	EndGlobalSection
	GlobalSection(ExtensibilityGlobals) = postSolution
	EndGlobalSection
	GlobalSection(ExtensibilityAddIns) = postSolution
	EndGlobalSection
EndGlobal
